
Microsoft Visual Studio Solution File, Format Version 12.00
# Visual Studio Version 16
VisualStudioVersion = 16.0.30204.135
MinimumVisualStudioVersion = 10.0.40219.1
Project("{9A19103F-16F7-4668-BE54-9A1E7A4F7556}") = "RazorPagesMovie", "RazorPagesMovie.csproj", "{FA5D96B7-EC71-4A3A-8C01-66B56CD4A409}"
EndProject
Project("{FAE04EC0-301F-11D3-BF4B-00C04F79EFBC}") = "RazorPagesMovie2", "..\RazorPagesMovie2\RazorPagesMovie2.csproj", "{17110426-BE2A-4C3F-93C4-5BFEAD52E451}"
EndProject
Global
	GlobalSection(SolutionConfigurationPlatforms) = preSolution
		Debug|Any CPU = Debug|Any CPU
		Release|Any CPU = Release|Any CPU
	EndGlobalSection
	GlobalSection(ProjectConfigurationPlatforms) = postSolution
		{FA5D96B7-EC71-4A3A-8C01-66B56CD4A409}.Debug|Any CPU.ActiveCfg = Debug|Any CPU
		{FA5D96B7-EC71-4A3A-8C01-66B56CD4A409}.Debug|Any CPU.Build.0 = Debug|Any CPU
		{FA5D96B7-EC71-4A3A-8C01-66B56CD4A409}.Release|Any CPU.ActiveCfg = Release|Any CPU
		{FA5D96B7-EC71-4A3A-8C01-66B56CD4A409}.Release|Any CPU.Build.0 = Release|Any CPU
		{17110426-BE2A-4C3F-93C4-5BFEAD52E451}.Debug|Any CPU.ActiveCfg = Debug|Any CPU
		{17110426-BE2A-4C3F-93C4-5BFEAD52E451}.Debug|Any CPU.Build.0 = Debug|Any CPU
		{17110426-BE2A-4C3F-93C4-5BFEAD52E451}.Release|Any CPU.ActiveCfg = Release|Any CPU
		{17110426-BE2A-4C3F-93C4-5BFEAD52E451}.Release|Any CPU.Build.0 = Release|Any CPU
	EndGlobalSection
	GlobalSection(SolutionProperties) = preSolution
		HideSolutionNode = FALSE
	EndGlobalSection
	GlobalSection(ExtensibilityGlobals) = postSolution
		SolutionGuid = {AA08A34D-7DD2-49FD-AE6C-213BF1D53691}
	EndGlobalSection
EndGlobal
